
Microsoft Visual Studio Solution File, Format Version 12.00
# Visual Studio 15
VisualStudioVersion = 15.0.28307.136
MinimumVisualStudioVersion = 10.0.40219.1
Project("{FAE04EC0-301F-11D3-BF4B-00C04F79EFBC}") = "Tester_Documents", "Tester_Documents\Tester_Documents.csproj", "{2152C3E0-2450-445A-9301-3AFA635DC7B8}"
EndProject
Project("{FAE04EC0-301F-11D3-BF4B-00C04F79EFBC}") = "CaseMaker", "CaseMaker\CaseMaker.csproj", "{662D3511-1541-4435-9F3D-F003624BEF79}"
EndProject
Global
	GlobalSection(SolutionConfigurationPlatforms) = preSolution
		Debug|Any CPU = Debug|Any CPU
		Release|Any CPU = Release|Any CPU
	EndGlobalSection
	GlobalSection(ProjectConfigurationPlatforms) = postSolution
		{2152C3E0-2450-445A-9301-3AFA635DC7B8}.Debug|Any CPU.ActiveCfg = Debug|Any CPU
		{2152C3E0-2450-445A-9301-3AFA635DC7B8}.Debug|Any CPU.Build.0 = Debug|Any CPU
		{2152C3E0-2450-445A-9301-3AFA635DC7B8}.Release|Any CPU.ActiveCfg = Release|Any CPU
		{2152C3E0-2450-445A-9301-3AFA635DC7B8}.Release|Any CPU.Build.0 = Release|Any CPU
		{662D3511-1541-4435-9F3D-F003624BEF79}.Debug|Any CPU.ActiveCfg = Debug|Any CPU
		{662D3511-1541-4435-9F3D-F003624BEF79}.Debug|Any CPU.Build.0 = Debug|Any CPU
		{662D3511-1541-4435-9F3D-F003624BEF79}.Release|Any CPU.ActiveCfg = Release|Any CPU
		{662D3511-1541-4435-9F3D-F003624BEF79}.Release|Any CPU.Build.0 = Release|Any CPU
	EndGlobalSection
	GlobalSection(SolutionProperties) = preSolution
		HideSolutionNode = FALSE
	EndGlobalSection
	GlobalSection(ExtensibilityGlobals) = postSolution
		SolutionGuid = {86756B42-88EF-48AD-887C-76FED8867BF7}
	EndGlobalSection
EndGlobal
